# This file is automatically @generated by Poetry 2.0.1 and should not be changed by hand.

[[package]]
name = "django-dotenv"
version = "1.4.2"
description = "foreman reads from .env. manage.py doesn't. Let's fix that."
optional = false
python-versions = "*"
groups = ["main"]
files = [
    {file = "django-dotenv-1.4.2.tar.gz", hash = "sha256:3812bb0f4876cf31f902aad140f0645e120e51ee30eb7c40c22050f58a0e4adb"},
    {file = "django_dotenv-1.4.2-py2.py3-none-any.whl", hash = "sha256:a9b1b40a70bd321acd231926acedb9bd2c5e873e33a1873b34a7276d196a765e"},
]

[metadata]
lock-version = "2.1"
python-versions = ">=3.11"
content-hash = "8e7b7b9a9a39f610b7d59f9dea195db5d3cc3574c67d8d613d8e256eb2bdaed6"
